// !$*UTF8*$!
{
	archiveVersion = 1;
	classes = {
	};
	objectVersion = 51;
	objects = {

/* Begin PBXBuildFile section */
		12B958FE053D995D12EDC318 /* Pods_Parstagram_ParstagramUITests.framework in Frameworks */ = {isa = PBXBuildFile; fileRef = 692CD1B0F24B5D7DFE0BBCD1 /* Pods_Parstagram_ParstagramUITests.framework */; };
		32117262A66484206E49B681 /* Pods_Parstagram.framework in Frameworks */ = {isa = PBXBuildFile; fileRef = ACAA21EE7706BC9C5B126EFC /* Pods_Parstagram.framework */; };
		7BA5618AD8E5F8C1C2E8503E /* Pods_ParstagramTests.framework in Frameworks */ = {isa = PBXBuildFile; fileRef = 674A8A34B32EC5156BB16DB2 /* Pods_ParstagramTests.framework */; };
		F54542D0271CE7180015E8FA /* LoginViewController.swift in Sources */ = {isa = PBXBuildFile; fileRef = F54542CF271CE7180015E8FA /* LoginViewController.swift */; };
		F54542D2271CE72C0015E8FA /* FeedViewController.swift in Sources */ = {isa = PBXBuildFile; fileRef = F54542D1271CE72C0015E8FA /* FeedViewController.swift */; };
		F54542D4271CF97C0015E8FA /* CameraViewController.swift in Sources */ = {isa = PBXBuildFile; fileRef = F54542D3271CF97C0015E8FA /* CameraViewController.swift */; };
		F599B80D271CD2E000DC3DE0 /* AppDelegate.swift in Sources */ = {isa = PBXBuildFile; fileRef = F599B80C271CD2E000DC3DE0 /* AppDelegate.swift */; };
		F599B80F271CD2E000DC3DE0 /* SceneDelegate.swift in Sources */ = {isa = PBXBuildFile; fileRef = F599B80E271CD2E000DC3DE0 /* SceneDelegate.swift */; };
		F599B814271CD2E000DC3DE0 /* Main.storyboard in Resources */ = {isa = PBXBuildFile; fileRef = F599B812271CD2E000DC3DE0 /* Main.storyboard */; };
		F599B816271CD2E100DC3DE0 /* Assets.xcassets in Resources */ = {isa = PBXBuildFile; fileRef = F599B815271CD2E100DC3DE0 /* Assets.xcassets */; };
		F599B819271CD2E100DC3DE0 /* LaunchScreen.storyboard in Resources */ = {isa = PBXBuildFile; fileRef = F599B817271CD2E100DC3DE0 /* LaunchScreen.storyboard */; };
		F599B824271CD2E200DC3DE0 /* ParstagramTests.swift in Sources */ = {isa = PBXBuildFile; fileRef = F599B823271CD2E200DC3DE0 /* ParstagramTests.swift */; };
		F599B82F271CD2E200DC3DE0 /* ParstagramUITests.swift in Sources */ = {isa = PBXBuildFile; fileRef = F599B82E271CD2E200DC3DE0 /* ParstagramUITests.swift */; };
		F5C73317271E0F7300A2FD01 /* PostCell.swift in Sources */ = {isa = PBXBuildFile; fileRef = F5C73316271E0F7300A2FD01 /* PostCell.swift */; };
/* End PBXBuildFile section */

/* Begin PBXContainerItemProxy section */
		F599B820271CD2E200DC3DE0 /* PBXContainerItemProxy */ = {
			isa = PBXContainerItemProxy;
			containerPortal = F599B801271CD2E000DC3DE0 /* Project object */;
			proxyType = 1;
			remoteGlobalIDString = F599B808271CD2E000DC3DE0;
			remoteInfo = Parstagram;
		};
		F599B82B271CD2E200DC3DE0 /* PBXContainerItemProxy */ = {
			isa = PBXContainerItemProxy;
			containerPortal = F599B801271CD2E000DC3DE0 /* Project object */;
			proxyType = 1;
			remoteGlobalIDString = F599B808271CD2E000DC3DE0;
			remoteInfo = Parstagram;
		};
/* End PBXContainerItemProxy section */

/* Begin PBXFileReference section */
		32FC7E6726BC13FC5DFCF700 /* Pods-Parstagram-ParstagramUITests.debug.xcconfig */ = {isa = PBXFileReference; includeInIndex = 1; lastKnownFileType = text.xcconfig; name = "Pods-Parstagram-ParstagramUITests.debug.xcconfig"; path = "Target Support Files/Pods-Parstagram-ParstagramUITests/Pods-Parstagram-ParstagramUITests.debug.xcconfig"; sourceTree = "<group>"; };
		674A8A34B32EC5156BB16DB2 /* Pods_ParstagramTests.framework */ = {isa = PBXFileReference; explicitFileType = wrapper.framework; includeInIndex = 0; path = Pods_ParstagramTests.framework; sourceTree = BUILT_PRODUCTS_DIR; };
		692CD1B0F24B5D7DFE0BBCD1 /* Pods_Parstagram_ParstagramUITests.framework */ = {isa = PBXFileReference; explicitFileType = wrapper.framework; includeInIndex = 0; path = Pods_Parstagram_ParstagramUITests.framework; sourceTree = BUILT_PRODUCTS_DIR; };
		7CF206FC66B388443FB54892 /* Pods-ParstagramTests.release.xcconfig */ = {isa = PBXFileReference; includeInIndex = 1; lastKnownFileType = text.xcconfig; name = "Pods-ParstagramTests.release.xcconfig"; path = "Target Support Files/Pods-ParstagramTests/Pods-ParstagramTests.release.xcconfig"; sourceTree = "<group>"; };
		8E063F268AF3DC6DBF11B2E9 /* Pods-Parstagram.debug.xcconfig */ = {isa = PBXFileReference; includeInIndex = 1; lastKnownFileType = text.xcconfig; name = "Pods-Parstagram.debug.xcconfig"; path = "Target Support Files/Pods-Parstagram/Pods-Parstagram.debug.xcconfig"; sourceTree = "<group>"; };
		966CCD5AA9419B5BA3D2E7A7 /* Pods-Parstagram-ParstagramUITests.release.xcconfig */ = {isa = PBXFileReference; includeInIndex = 1; lastKnownFileType = text.xcconfig; name = "Pods-Parstagram-ParstagramUITests.release.xcconfig"; path = "Target Support Files/Pods-Parstagram-ParstagramUITests/Pods-Parstagram-ParstagramUITests.release.xcconfig"; sourceTree = "<group>"; };
		99EE78C948DFE7415B4FEE3B /* Pods-Parstagram.release.xcconfig */ = {isa = PBXFileReference; includeInIndex = 1; lastKnownFileType = text.xcconfig; name = "Pods-Parstagram.release.xcconfig"; path = "Target Support Files/Pods-Parstagram/Pods-Parstagram.release.xcconfig"; sourceTree = "<group>"; };
		ACAA21EE7706BC9C5B126EFC /* Pods_Parstagram.framework */ = {isa = PBXFileReference; explicitFileType = wrapper.framework; includeInIndex = 0; path = Pods_Parstagram.framework; sourceTree = BUILT_PRODUCTS_DIR; };
		E6BCE2520ACA686CCAB51854 /* Pods-ParstagramTests.debug.xcconfig */ = {isa = PBXFileReference; includeInIndex = 1; lastKnownFileType = text.xcconfig; name = "Pods-ParstagramTests.debug.xcconfig"; path = "Target Support Files/Pods-ParstagramTests/Pods-ParstagramTests.debug.xcconfig"; sourceTree = "<group>"; };
		F54542CF271CE7180015E8FA /* LoginViewController.swift */ = {isa = PBXFileReference; lastKnownFileType = sourcecode.swift; path = LoginViewController.swift; sourceTree = "<group>"; };
		F54542D1271CE72C0015E8FA /* FeedViewController.swift */ = {isa = PBXFileReference; lastKnownFileType = sourcecode.swift; path = FeedViewController.swift; sourceTree = "<group>"; };
		F54542D3271CF97C0015E8FA /* CameraViewController.swift */ = {isa = PBXFileReference; lastKnownFileType = sourcecode.swift; path = CameraViewController.swift; sourceTree = "<group>"; };
		F599B809271CD2E000DC3DE0 /* Parstagram.app */ = {isa = PBXFileReference; explicitFileType = wrapper.application; includeInIndex = 0; path = Parstagram.app; sourceTree = BUILT_PRODUCTS_DIR; };
		F599B80C271CD2E000DC3DE0 /* AppDelegate.swift */ = {isa = PBXFileReference; lastKnownFileType = sourcecode.swift; path = AppDelegate.swift; sourceTree = "<group>"; };
		F599B80E271CD2E000DC3DE0 /* SceneDelegate.swift */ = {isa = PBXFileReference; lastKnownFileType = sourcecode.swift; path = SceneDelegate.swift; sourceTree = "<group>"; };
		F599B813271CD2E000DC3DE0 /* Base */ = {isa = PBXFileReference; lastKnownFileType = file.storyboard; name = Base; path = Base.lproj/Main.storyboard; sourceTree = "<group>"; };
		F599B815271CD2E100DC3DE0 /* Assets.xcassets */ = {isa = PBXFileReference; lastKnownFileType = folder.assetcatalog; path = Assets.xcassets; sourceTree = "<group>"; };
		F599B818271CD2E100DC3DE0 /* Base */ = {isa = PBXFileReference; lastKnownFileType = file.storyboard; name = Base; path = Base.lproj/LaunchScreen.storyboard; sourceTree = "<group>"; };
		F599B81A271CD2E100DC3DE0 /* Info.plist */ = {isa = PBXFileReference; lastKnownFileType = text.plist.xml; path = Info.plist; sourceTree = "<group>"; };
		F599B81F271CD2E200DC3DE0 /* ParstagramTests.xctest */ = {isa = PBXFileReference; explicitFileType = wrapper.cfbundle; includeInIndex = 0; path = ParstagramTests.xctest; sourceTree = BUILT_PRODUCTS_DIR; };
		F599B823271CD2E200DC3DE0 /* ParstagramTests.swift */ = {isa = PBXFileReference; lastKnownFileType = sourcecode.swift; path = ParstagramTests.swift; sourceTree = "<group>"; };
		F599B825271CD2E200DC3DE0 /* Info.plist */ = {isa = PBXFileReference; lastKnownFileType = text.plist.xml; path = Info.plist; sourceTree = "<group>"; };
		F599B82A271CD2E200DC3DE0 /* ParstagramUITests.xctest */ = {isa = PBXFileReference; explicitFileType = wrapper.cfbundle; includeInIndex = 0; path = ParstagramUITests.xctest; sourceTree = BUILT_PRODUCTS_DIR; };
		F599B82E271CD2E200DC3DE0 /* ParstagramUITests.swift */ = {isa = PBXFileReference; lastKnownFileType = sourcecode.swift; path = ParstagramUITests.swift; sourceTree = "<group>"; };
		F599B830271CD2E200DC3DE0 /* Info.plist */ = {isa = PBXFileReference; lastKnownFileType = text.plist.xml; path = Info.plist; sourceTree = "<group>"; };
		F5C73316271E0F7300A2FD01 /* PostCell.swift */ = {isa = PBXFileReference; lastKnownFileType = sourcecode.swift; path = PostCell.swift; sourceTree = "<group>"; };
/* End PBXFileReference section */

/* Begin PBXFrameworksBuildPhase section */
		F599B806271CD2E000DC3DE0 /* Frameworks */ = {
			isa = PBXFrameworksBuildPhase;
			buildActionMask = 2147483647;
			files = (
				32117262A66484206E49B681 /* Pods_Parstagram.framework in Frameworks */,
			);
			runOnlyForDeploymentPostprocessing = 0;
		};
		F599B81C271CD2E200DC3DE0 /* Frameworks */ = {
			isa = PBXFrameworksBuildPhase;
			buildActionMask = 2147483647;
			files = (
				7BA5618AD8E5F8C1C2E8503E /* Pods_ParstagramTests.framework in Frameworks */,
			);
			runOnlyForDeploymentPostprocessing = 0;
		};
		F599B827271CD2E200DC3DE0 /* Frameworks */ = {
			isa = PBXFrameworksBuildPhase;
			buildActionMask = 2147483647;
			files = (
				12B958FE053D995D12EDC318 /* Pods_Parstagram_ParstagramUITests.framework in Frameworks */,
			);
			runOnlyForDeploymentPostprocessing = 0;
		};
/* End PBXFrameworksBuildPhase section */

/* Begin PBXGroup section */
		D0E17C8EB1353FB4AA301744 /* Pods */ = {
			isa = PBXGroup;
			children = (
				8E063F268AF3DC6DBF11B2E9 /* Pods-Parstagram.debug.xcconfig */,
				99EE78C948DFE7415B4FEE3B /* Pods-Parstagram.release.xcconfig */,
				32FC7E6726BC13FC5DFCF700 /* Pods-Parstagram-ParstagramUITests.debug.xcconfig */,
				966CCD5AA9419B5BA3D2E7A7 /* Pods-Parstagram-ParstagramUITests.release.xcconfig */,
				E6BCE2520ACA686CCAB51854 /* Pods-ParstagramTests.debug.xcconfig */,
				7CF206FC66B388443FB54892 /* Pods-ParstagramTests.release.xcconfig */,
			);
			path = Pods;
			sourceTree = "<group>";
		};
		E504B7DB6F6DC0880C464810 /* Frameworks */ = {
			isa = PBXGroup;
			children = (
				ACAA21EE7706BC9C5B126EFC /* Pods_Parstagram.framework */,
				692CD1B0F24B5D7DFE0BBCD1 /* Pods_Parstagram_ParstagramUITests.framework */,
				674A8A34B32EC5156BB16DB2 /* Pods_ParstagramTests.framework */,
			);
			name = Frameworks;
			sourceTree = "<group>";
		};
		F599B800271CD2E000DC3DE0 = {
			isa = PBXGroup;
			children = (
				F599B80B271CD2E000DC3DE0 /* Parstagram */,
				F599B822271CD2E200DC3DE0 /* ParstagramTests */,
				F599B82D271CD2E200DC3DE0 /* ParstagramUITests */,
				F599B80A271CD2E000DC3DE0 /* Products */,
				D0E17C8EB1353FB4AA301744 /* Pods */,
				E504B7DB6F6DC0880C464810 /* Frameworks */,
			);
			sourceTree = "<group>";
		};
		F599B80A271CD2E000DC3DE0 /* Products */ = {
			isa = PBXGroup;
			children = (
				F599B809271CD2E000DC3DE0 /* Parstagram.app */,
				F599B81F271CD2E200DC3DE0 /* ParstagramTests.xctest */,
				F599B82A271CD2E200DC3DE0 /* ParstagramUITests.xctest */,
			);
			name = Products;
			sourceTree = "<group>";
		};
		F599B80B271CD2E000DC3DE0 /* Parstagram */ = {
			isa = PBXGroup;
			children = (
				F599B80C271CD2E000DC3DE0 /* AppDelegate.swift */,
				F599B80E271CD2E000DC3DE0 /* SceneDelegate.swift */,
				F599B812271CD2E000DC3DE0 /* Main.storyboard */,
				F599B815271CD2E100DC3DE0 /* Assets.xcassets */,
				F599B817271CD2E100DC3DE0 /* LaunchScreen.storyboard */,
				F599B81A271CD2E100DC3DE0 /* Info.plist */,
				F54542CF271CE7180015E8FA /* LoginViewController.swift */,
				F54542D1271CE72C0015E8FA /* FeedViewController.swift */,
				F54542D3271CF97C0015E8FA /* CameraViewController.swift */,
				F5C73316271E0F7300A2FD01 /* PostCell.swift */,
			);
			path = Parstagram;
			sourceTree = "<group>";
		};
		F599B822271CD2E200DC3DE0 /* ParstagramTests */ = {
			isa = PBXGroup;
			children = (
				F599B823271CD2E200DC3DE0 /* ParstagramTests.swift */,
				F599B825271CD2E200DC3DE0 /* Info.plist */,
			);
			path = ParstagramTests;
			sourceTree = "<group>";
		};
		F599B82D271CD2E200DC3DE0 /* ParstagramUITests */ = {
			isa = PBXGroup;
			children = (
				F599B82E271CD2E200DC3DE0 /* ParstagramUITests.swift */,
				F599B830271CD2E200DC3DE0 /* Info.plist */,
			);
			path = ParstagramUITests;
			sourceTree = "<group>";
		};
/* End PBXGroup section */

/* Begin PBXNativeTarget section */
		F599B808271CD2E000DC3DE0 /* Parstagram */ = {
			isa = PBXNativeTarget;
			buildConfigurationList = F599B833271CD2E200DC3DE0 /* Build configuration list for PBXNativeTarget "Parstagram" */;
			buildPhases = (
				23C929E1219A9BF6E8C19853 /* [CP] Check Pods Manifest.lock */,
				F599B805271CD2E000DC3DE0 /* Sources */,
				F599B806271CD2E000DC3DE0 /* Frameworks */,
				F599B807271CD2E000DC3DE0 /* Resources */,
				188B2E68FB6532343BC02802 /* [CP] Embed Pods Frameworks */,
			);
			buildRules = (
			);
			dependencies = (
			);
			name = Parstagram;
			productName = Parstagram;
			productReference = F599B809271CD2E000DC3DE0 /* Parstagram.app */;
			productType = "com.apple.product-type.application";
		};
		F599B81E271CD2E200DC3DE0 /* ParstagramTests */ = {
			isa = PBXNativeTarget;
			buildConfigurationList = F599B836271CD2E200DC3DE0 /* Build configuration list for PBXNativeTarget "ParstagramTests" */;
			buildPhases = (
				38703FC89DD26200ACC90D6C /* [CP] Check Pods Manifest.lock */,
				F599B81B271CD2E200DC3DE0 /* Sources */,
				F599B81C271CD2E200DC3DE0 /* Frameworks */,
				F599B81D271CD2E200DC3DE0 /* Resources */,
			);
			buildRules = (
			);
			dependencies = (
				F599B821271CD2E200DC3DE0 /* PBXTargetDependency */,
			);
			name = ParstagramTests;
			productName = ParstagramTests;
			productReference = F599B81F271CD2E200DC3DE0 /* ParstagramTests.xctest */;
			productType = "com.apple.product-type.bundle.unit-test";
		};
		F599B829271CD2E200DC3DE0 /* ParstagramUITests */ = {
			isa = PBXNativeTarget;
			buildConfigurationList = F599B839271CD2E200DC3DE0 /* Build configuration list for PBXNativeTarget "ParstagramUITests" */;
			buildPhases = (
				50CB23F4DB8820BC95406FA4 /* [CP] Check Pods Manifest.lock */,
				F599B826271CD2E200DC3DE0 /* Sources */,
				F599B827271CD2E200DC3DE0 /* Frameworks */,
				F599B828271CD2E200DC3DE0 /* Resources */,
				3F790BDA42CB6883D5200B96 /* [CP] Embed Pods Frameworks */,
			);
			buildRules = (
			);
			dependencies = (
				F599B82C271CD2E200DC3DE0 /* PBXTargetDependency */,
			);
			name = ParstagramUITests;
			productName = ParstagramUITests;
			productReference = F599B82A271CD2E200DC3DE0 /* ParstagramUITests.xctest */;
			productType = "com.apple.product-type.bundle.ui-testing";
		};
/* End PBXNativeTarget section */

/* Begin PBXProject section */
		F599B801271CD2E000DC3DE0 /* Project object */ = {
			isa = PBXProject;
			attributes = {
				LastSwiftUpdateCheck = 1130;
				LastUpgradeCheck = 1130;
				ORGANIZATIONNAME = "Menuka Ghalan";
				TargetAttributes = {
					F599B808271CD2E000DC3DE0 = {
						CreatedOnToolsVersion = 11.3.1;
					};
					F599B81E271CD2E200DC3DE0 = {
						CreatedOnToolsVersion = 11.3.1;
						TestTargetID = F599B808271CD2E000DC3DE0;
					};
					F599B829271CD2E200DC3DE0 = {
						CreatedOnToolsVersion = 11.3.1;
						TestTargetID = F599B808271CD2E000DC3DE0;
					};
				};
			};
			buildConfigurationList = F599B804271CD2E000DC3DE0 /* Build configuration list for PBXProject "Parstagram" */;
			compatibilityVersion = "Xcode 9.3";
			developmentRegion = en;
			hasScannedForEncodings = 0;
			knownRegions = (
				en,
				Base,
			);
			mainGroup = F599B800271CD2E000DC3DE0;
			productRefGroup = F599B80A271CD2E000DC3DE0 /* Products */;
			projectDirPath = "";
			projectRoot = "";
			targets = (
				F599B808271CD2E000DC3DE0 /* Parstagram */,
				F599B81E271CD2E200DC3DE0 /* ParstagramTests */,
				F599B829271CD2E200DC3DE0 /* ParstagramUITests */,
			);
		};
/* End PBXProject section */

/* Begin PBXResourcesBuildPhase section */
		F599B807271CD2E000DC3DE0 /* Resources */ = {
			isa = PBXResourcesBuildPhase;
			buildActionMask = 2147483647;
			files = (
				F599B819271CD2E100DC3DE0 /* LaunchScreen.storyboard in Resources */,
				F599B816271CD2E100DC3DE0 /* Assets.xcassets in Resources */,
				F599B814271CD2E000DC3DE0 /* Main.storyboard in Resources */,
			);
			runOnlyForDeploymentPostprocessing = 0;
		};
		F599B81D271CD2E200DC3DE0 /* Resources */ = {
			isa = PBXResourcesBuildPhase;
			buildActionMask = 2147483647;
			files = (
			);
			runOnlyForDeploymentPostprocessing = 0;
		};
		F599B828271CD2E200DC3DE0 /* Resources */ = {
			isa = PBXResourcesBuildPhase;
			buildActionMask = 2147483647;
			files = (
			);
			runOnlyForDeploymentPostprocessing = 0;
		};
/* End PBXResourcesBuildPhase section */

/* Begin PBXShellScriptBuildPhase section */
		188B2E68FB6532343BC02802 /* [CP] Embed Pods Frameworks */ = {
			isa = PBXShellScriptBuildPhase;
			buildActionMask = 2147483647;
			files = (
			);
			inputFileListPaths = (
				"${PODS_ROOT}/Target Support Files/Pods-Parstagram/Pods-Parstagram-frameworks-${CONFIGURATION}-input-files.xcfilelist",
			);
			name = "[CP] Embed Pods Frameworks";
			outputFileListPaths = (
				"${PODS_ROOT}/Target Support Files/Pods-Parstagram/Pods-Parstagram-frameworks-${CONFIGURATION}-output-files.xcfilelist",
			);
			runOnlyForDeploymentPostprocessing = 0;
			shellPath = /bin/sh;
			shellScript = "\"${PODS_ROOT}/Target Support Files/Pods-Parstagram/Pods-Parstagram-frameworks.sh\"\n";
			showEnvVarsInLog = 0;
		};
		23C929E1219A9BF6E8C19853 /* [CP] Check Pods Manifest.lock */ = {
			isa = PBXShellScriptBuildPhase;
			buildActionMask = 2147483647;
			files = (
			);
			inputFileListPaths = (
			);
			inputPaths = (
				"${PODS_PODFILE_DIR_PATH}/Podfile.lock",
				"${PODS_ROOT}/Manifest.lock",
			);
			name = "[CP] Check Pods Manifest.lock";
			outputFileListPaths = (
			);
			outputPaths = (
				"$(DERIVED_FILE_DIR)/Pods-Parstagram-checkManifestLockResult.txt",
			);
			runOnlyForDeploymentPostprocessing = 0;
			shellPath = /bin/sh;
			shellScript = "diff \"${PODS_PODFILE_DIR_PATH}/Podfile.lock\" \"${PODS_ROOT}/Manifest.lock\" > /dev/null\nif [ $? != 0 ] ; then\n    # print error to STDERR\n    echo \"error: The sandbox is not in sync with the Podfile.lock. Run 'pod install' or update your CocoaPods installation.\" >&2\n    exit 1\nfi\n# This output is used by Xcode 'outputs' to avoid re-running this script phase.\necho \"SUCCESS\" > \"${SCRIPT_OUTPUT_FILE_0}\"\n";
			showEnvVarsInLog = 0;
		};
		38703FC89DD26200ACC90D6C /* [CP] Check Pods Manifest.lock */ = {
			isa = PBXShellScriptBuildPhase;
			buildActionMask = 2147483647;
			files = (
			);
			inputFileListPaths = (
			);
			inputPaths = (
				"${PODS_PODFILE_DIR_PATH}/Podfile.lock",
				"${PODS_ROOT}/Manifest.lock",
			);
			name = "[CP] Check Pods Manifest.lock";
			outputFileListPaths = (
			);
			outputPaths = (
				"$(DERIVED_FILE_DIR)/Pods-ParstagramTests-checkManifestLockResult.txt",
			);
			runOnlyForDeploymentPostprocessing = 0;
			shellPath = /bin/sh;
			shellScript = "diff \"${PODS_PODFILE_DIR_PATH}/Podfile.lock\" \"${PODS_ROOT}/Manifest.lock\" > /dev/null\nif [ $? != 0 ] ; then\n    # print error to STDERR\n    echo \"error: The sandbox is not in sync with the Podfile.lock. Run 'pod install' or update your CocoaPods installation.\" >&2\n    exit 1\nfi\n# This output is used by Xcode 'outputs' to avoid re-running this script phase.\necho \"SUCCESS\" > \"${SCRIPT_OUTPUT_FILE_0}\"\n";
			showEnvVarsInLog = 0;
		};
		3F790BDA42CB6883D5200B96 /* [CP] Embed Pods Frameworks */ = {
			isa = PBXShellScriptBuildPhase;
			buildActionMask = 2147483647;
			files = (
			);
			inputFileListPaths = (
				"${PODS_ROOT}/Target Support Files/Pods-Parstagram-ParstagramUITests/Pods-Parstagram-ParstagramUITests-frameworks-${CONFIGURATION}-input-files.xcfilelist",
			);
			name = "[CP] Embed Pods Frameworks";
			outputFileListPaths = (
				"${PODS_ROOT}/Target Support Files/Pods-Parstagram-ParstagramUITests/Pods-Parstagram-ParstagramUITests-frameworks-${CONFIGURATION}-output-files.xcfilelist",
			);
			runOnlyForDeploymentPostprocessing = 0;
			shellPath = /bin/sh;
			shellScript = "\"${PODS_ROOT}/Target Support Files/Pods-Parstagram-ParstagramUITests/Pods-Parstagram-ParstagramUITests-frameworks.sh\"\n";
			showEnvVarsInLog = 0;
		};
		50CB23F4DB8820BC95406FA4 /* [CP] Check Pods Manifest.lock */ = {
			isa = PBXShellScriptBuildPhase;
			buildActionMask = 2147483647;
			files = (
			);
			inputFileListPaths = (
			);
			inputPaths = (
				"${PODS_PODFILE_DIR_PATH}/Podfile.lock",
				"${PODS_ROOT}/Manifest.lock",
			);
			name = "[CP] Check Pods Manifest.lock";
			outputFileListPaths = (
			);
			outputPaths = (
				"$(DERIVED_FILE_DIR)/Pods-Parstagram-ParstagramUITests-checkManifestLockResult.txt",
			);
			runOnlyForDeploymentPostprocessing = 0;
			shellPath = /bin/sh;
			shellScript = "diff \"${PODS_PODFILE_DIR_PATH}/Podfile.lock\" \"${PODS_ROOT}/Manifest.lock\" > /dev/null\nif [ $? != 0 ] ; then\n    # print error to STDERR\n    echo \"error: The sandbox is not in sync with the Podfile.lock. Run 'pod install' or update your CocoaPods installation.\" >&2\n    exit 1\nfi\n# This output is used by Xcode 'outputs' to avoid re-running this script phase.\necho \"SUCCESS\" > \"${SCRIPT_OUTPUT_FILE_0}\"\n";
			showEnvVarsInLog = 0;
		};
/* End PBXShellScriptBuildPhase section */

/* Begin PBXSourcesBuildPhase section */
		F599B805271CD2E000DC3DE0 /* Sources */ = {
			isa = PBXSourcesBuildPhase;
			buildActionMask = 2147483647;
			files = (
				F54542D0271CE7180015E8FA /* LoginViewController.swift in Sources */,
				F54542D4271CF97C0015E8FA /* CameraViewController.swift in Sources */,
				F599B80D271CD2E000DC3DE0 /* AppDelegate.swift in Sources */,
				F54542D2271CE72C0015E8FA /* FeedViewController.swift in Sources */,
				F599B80F271CD2E000DC3DE0 /* SceneDelegate.swift in Sources */,
				F5C73317271E0F7300A2FD01 /* PostCell.swift in Sources */,
			);
			runOnlyForDeploymentPostprocessing = 0;
		};
		F599B81B271CD2E200DC3DE0 /* Sources */ = {
			isa = PBXSourcesBuildPhase;
			buildActionMask = 2147483647;
			files = (
				F599B824271CD2E200DC3DE0 /* ParstagramTests.swift in Sources */,
			);
			runOnlyForDeploymentPostprocessing = 0;
		};
		F599B826271CD2E200DC3DE0 /* Sources */ = {
			isa = PBXSourcesBuildPhase;
			buildActionMask = 2147483647;
			files = (
				F599B82F271CD2E200DC3DE0 /* ParstagramUITests.swift in Sources */,
			);
			runOnlyForDeploymentPostprocessing = 0;
		};
/* End PBXSourcesBuildPhase section */

/* Begin PBXTargetDependency section */
		F599B821271CD2E200DC3DE0 /* PBXTargetDependency */ = {
			isa = PBXTargetDependency;
			target = F599B808271CD2E000DC3DE0 /* Parstagram */;
			targetProxy = F599B820271CD2E200DC3DE0 /* PBXContainerItemProxy */;
		};
		F599B82C271CD2E200DC3DE0 /* PBXTargetDependency */ = {
			isa = PBXTargetDependency;
			target = F599B808271CD2E000DC3DE0 /* Parstagram */;
			targetProxy = F599B82B271CD2E200DC3DE0 /* PBXContainerItemProxy */;
		};
/* End PBXTargetDependency section */

/* Begin PBXVariantGroup section */
		F599B812271CD2E000DC3DE0 /* Main.storyboard */ = {
			isa = PBXVariantGroup;
			children = (
				F599B813271CD2E000DC3DE0 /* Base */,
			);
			name = Main.storyboard;
			sourceTree = "<group>";
		};
		F599B817271CD2E100DC3DE0 /* LaunchScreen.storyboard */ = {
			isa = PBXVariantGroup;
			children = (
				F599B818271CD2E100DC3DE0 /* Base */,
			);
			name = LaunchScreen.storyboard;
			sourceTree = "<group>";
		};
/* End PBXVariantGroup section */

/* Begin XCBuildConfiguration section */
		F599B831271CD2E200DC3DE0 /* Debug */ = {
			isa = XCBuildConfiguration;
			buildSettings = {
				ALWAYS_SEARCH_USER_PATHS = NO;
				CLANG_ANALYZER_NONNULL = YES;
				CLANG_ANALYZER_NUMBER_OBJECT_CONVERSION = YES_AGGRESSIVE;
				CLANG_CXX_LANGUAGE_STANDARD = "gnu++14";
				CLANG_CXX_LIBRARY = "libc++";
				CLANG_ENABLE_MODULES = YES;
				CLANG_ENABLE_OBJC_ARC = YES;
				CLANG_ENABLE_OBJC_WEAK = YES;
				CLANG_WARN_BLOCK_CAPTURE_AUTORELEASING = YES;
				CLANG_WARN_BOOL_CONVERSION = YES;
				CLANG_WARN_COMMA = YES;
				CLANG_WARN_CONSTANT_CONVERSION = YES;
				CLANG_WARN_DEPRECATED_OBJC_IMPLEMENTATIONS = YES;
				CLANG_WARN_DIRECT_OBJC_ISA_USAGE = YES_ERROR;
				CLANG_WARN_DOCUMENTATION_COMMENTS = YES;
				CLANG_WARN_EMPTY_BODY = YES;
				CLANG_WARN_ENUM_CONVERSION = YES;
				CLANG_WARN_INFINITE_RECURSION = YES;
				CLANG_WARN_INT_CONVERSION = YES;
				CLANG_WARN_NON_LITERAL_NULL_CONVERSION = YES;
				CLANG_WARN_OBJC_IMPLICIT_RETAIN_SELF = YES;
				CLANG_WARN_OBJC_LITERAL_CONVERSION = YES;
				CLANG_WARN_OBJC_ROOT_CLASS = YES_ERROR;
				CLANG_WARN_RANGE_LOOP_ANALYSIS = YES;
				CLANG_WARN_STRICT_PROTOTYPES = YES;
				CLANG_WARN_SUSPICIOUS_MOVE = YES;
				CLANG_WARN_UNGUARDED_AVAILABILITY = YES_AGGRESSIVE;
				CLANG_WARN_UNREACHABLE_CODE = YES;
				CLANG_WARN__DUPLICATE_METHOD_MATCH = YES;
				COPY_PHASE_STRIP = NO;
				DEBUG_INFORMATION_FORMAT = dwarf;
				ENABLE_STRICT_OBJC_MSGSEND = YES;
				ENABLE_TESTABILITY = YES;
				GCC_C_LANGUAGE_STANDARD = gnu11;
				GCC_DYNAMIC_NO_PIC = NO;
				GCC_NO_COMMON_BLOCKS = YES;
				GCC_OPTIMIZATION_LEVEL = 0;
				GCC_PREPROCESSOR_DEFINITIONS = (
					"DEBUG=1",
					"$(inherited)",
				);
				GCC_WARN_64_TO_32_BIT_CONVERSION = YES;
				GCC_WARN_ABOUT_RETURN_TYPE = YES_ERROR;
				GCC_WARN_UNDECLARED_SELECTOR = YES;
				GCC_WARN_UNINITIALIZED_AUTOS = YES_AGGRESSIVE;
				GCC_WARN_UNUSED_FUNCTION = YES;
				GCC_WARN_UNUSED_VARIABLE = YES;
				IPHONEOS_DEPLOYMENT_TARGET = 13.2;
				MTL_ENABLE_DEBUG_INFO = INCLUDE_SOURCE;
				MTL_FAST_MATH = YES;
				ONLY_ACTIVE_ARCH = YES;
				SDKROOT = iphoneos;
				SWIFT_ACTIVE_COMPILATION_CONDITIONS = DEBUG;
				SWIFT_OPTIMIZATION_LEVEL = "-Onone";
			};
			name = Debug;
		};
		F599B832271CD2E200DC3DE0 /* Release */ = {
			isa = XCBuildConfiguration;
			buildSettings = {
				ALWAYS_SEARCH_USER_PATHS = NO;
				CLANG_ANALYZER_NONNULL = YES;
				CLANG_ANALYZER_NUMBER_OBJECT_CONVERSION = YES_AGGRESSIVE;
				CLANG_CXX_LANGUAGE_STANDARD = "gnu++14";
				CLANG_CXX_LIBRARY = "libc++";
				CLANG_ENABLE_MODULES = YES;
				CLANG_ENABLE_OBJC_ARC = YES;
				CLANG_ENABLE_OBJC_WEAK = YES;
				CLANG_WARN_BLOCK_CAPTURE_AUTORELEASING = YES;
				CLANG_WARN_BOOL_CONVERSION = YES;
				CLANG_WARN_COMMA = YES;
				CLANG_WARN_CONSTANT_CONVERSION = YES;
				CLANG_WARN_DEPRECATED_OBJC_IMPLEMENTATIONS = YES;
				CLANG_WARN_DIRECT_OBJC_ISA_USAGE = YES_ERROR;
				CLANG_WARN_DOCUMENTATION_COMMENTS = YES;
				CLANG_WARN_EMPTY_BODY = YES;
				CLANG_WARN_ENUM_CONVERSION = YES;
				CLANG_WARN_INFINITE_RECURSION = YES;
				CLANG_WARN_INT_CONVERSION = YES;
				CLANG_WARN_NON_LITERAL_NULL_CONVERSION = YES;
				CLANG_WARN_OBJC_IMPLICIT_RETAIN_SELF = YES;
				CLANG_WARN_OBJC_LITERAL_CONVERSION = YES;
				CLANG_WARN_OBJC_ROOT_CLASS = YES_ERROR;
				CLANG_WARN_RANGE_LOOP_ANALYSIS = YES;
				CLANG_WARN_STRICT_PROTOTYPES = YES;
				CLANG_WARN_SUSPICIOUS_MOVE = YES;
				CLANG_WARN_UNGUARDED_AVAILABILITY = YES_AGGRESSIVE;
				CLANG_WARN_UNREACHABLE_CODE = YES;
				CLANG_WARN__DUPLICATE_METHOD_MATCH = YES;
				COPY_PHASE_STRIP = NO;
				DEBUG_INFORMATION_FORMAT = "dwarf-with-dsym";
				ENABLE_NS_ASSERTIONS = NO;
				ENABLE_STRICT_OBJC_MSGSEND = YES;
				GCC_C_LANGUAGE_STANDARD = gnu11;
				GCC_NO_COMMON_BLOCKS = YES;
				GCC_WARN_64_TO_32_BIT_CONVERSION = YES;
				GCC_WARN_ABOUT_RETURN_TYPE = YES_ERROR;
				GCC_WARN_UNDECLARED_SELECTOR = YES;
				GCC_WARN_UNINITIALIZED_AUTOS = YES_AGGRESSIVE;
				GCC_WARN_UNUSED_FUNCTION = YES;
				GCC_WARN_UNUSED_VARIABLE = YES;
				IPHONEOS_DEPLOYMENT_TARGET = 13.2;
				MTL_ENABLE_DEBUG_INFO = NO;
				MTL_FAST_MATH = YES;
				SDKROOT = iphoneos;
				SWIFT_COMPILATION_MODE = wholemodule;
				SWIFT_OPTIMIZATION_LEVEL = "-O";
				VALIDATE_PRODUCT = YES;
			};
			name = Release;
		};
		F599B834271CD2E200DC3DE0 /* Debug */ = {
			isa = XCBuildConfiguration;
			baseConfigurationReference = 8E063F268AF3DC6DBF11B2E9 /* Pods-Parstagram.debug.xcconfig */;
			buildSettings = {
				ASSETCATALOG_COMPILER_APPICON_NAME = AppIcon;
				CODE_SIGN_STYLE = Automatic;
				DEVELOPMENT_TEAM = 4746GMAZVK;
				INFOPLIST_FILE = Parstagram/Info.plist;
				LD_RUNPATH_SEARCH_PATHS = (
					"$(inherited)",
					"@executable_path/Frameworks",
				);
				PRODUCT_BUNDLE_IDENTIFIER = com.menukaghalan.Parstagram;
				PRODUCT_NAME = "$(TARGET_NAME)";
				SWIFT_VERSION = 5.0;
				TARGETED_DEVICE_FAMILY = "1,2";
			};
			name = Debug;
		};
		F599B835271CD2E200DC3DE0 /* Release */ = {
			isa = XCBuildConfiguration;
			baseConfigurationReference = 99EE78C948DFE7415B4FEE3B /* Pods-Parstagram.release.xcconfig */;
			buildSettings = {
				ASSETCATALOG_COMPILER_APPICON_NAME = AppIcon;
				CODE_SIGN_STYLE = Automatic;
				DEVELOPMENT_TEAM = 4746GMAZVK;
				INFOPLIST_FILE = Parstagram/Info.plist;
				LD_RUNPATH_SEARCH_PATHS = (
					"$(inherited)",
					"@executable_path/Frameworks",
				);
				PRODUCT_BUNDLE_IDENTIFIER = com.menukaghalan.Parstagram;
				PRODUCT_NAME = "$(TARGET_NAME)";
				SWIFT_VERSION = 5.0;
				TARGETED_DEVICE_FAMILY = "1,2";
			};
			name = Release;
		};
		F599B837271CD2E200DC3DE0 /* Debug */ = {
			isa = XCBuildConfiguration;
			baseConfigurationReference = E6BCE2520ACA686CCAB51854 /* Pods-ParstagramTests.debug.xcconfig */;
			buildSettings = {
				ALWAYS_EMBED_SWIFT_STANDARD_LIBRARIES = YES;
				BUNDLE_LOADER = "$(TEST_HOST)";
				CODE_SIGN_STYLE = Automatic;
				DEVELOPMENT_TEAM = 4746GMAZVK;
				INFOPLIST_FILE = ParstagramTests/Info.plist;
				IPHONEOS_DEPLOYMENT_TARGET = 13.2;
				LD_RUNPATH_SEARCH_PATHS = (
					"$(inherited)",
					"@executable_path/Frameworks",
					"@loader_path/Frameworks",
				);
				PRODUCT_BUNDLE_IDENTIFIER = com.menukaghalan.ParstagramTests;
				PRODUCT_NAME = "$(TARGET_NAME)";
				SWIFT_VERSION = 5.0;
				TARGETED_DEVICE_FAMILY = "1,2";
				TEST_HOST = "$(BUILT_PRODUCTS_DIR)/Parstagram.app/Parstagram";
			};
			name = Debug;
		};
		F599B838271CD2E200DC3DE0 /* Release */ = {
			isa = XCBuildConfiguration;
			baseConfigurationReference = 7CF206FC66B388443FB54892 /* Pods-ParstagramTests.release.xcconfig */;
			buildSettings = {
				ALWAYS_EMBED_SWIFT_STANDARD_LIBRARIES = YES;
				BUNDLE_LOADER = "$(TEST_HOST)";
				CODE_SIGN_STYLE = Automatic;
				DEVELOPMENT_TEAM = 4746GMAZVK;
				INFOPLIST_FILE = ParstagramTests/Info.plist;
				IPHONEOS_DEPLOYMENT_TARGET = 13.2;
				LD_RUNPATH_SEARCH_PATHS = (
					"$(inherited)",
					"@executable_path/Frameworks",
					"@loader_path/Frameworks",
				);
				PRODUCT_BUNDLE_IDENTIFIER = com.menukaghalan.ParstagramTests;
				PRODUCT_NAME = "$(TARGET_NAME)";
				SWIFT_VERSION = 5.0;
				TARGETED_DEVICE_FAMILY = "1,2";
				TEST_HOST = "$(BUILT_PRODUCTS_DIR)/Parstagram.app/Parstagram";
			};
			name = Release;
		};
		F599B83A271CD2E200DC3DE0 /* Debug */ = {
			isa = XCBuildConfiguration;
			baseConfigurationReference = 32FC7E6726BC13FC5DFCF700 /* Pods-Parstagram-ParstagramUITests.debug.xcconfig */;
			buildSettings = {
				ALWAYS_EMBED_SWIFT_STANDARD_LIBRARIES = YES;
				CODE_SIGN_STYLE = Automatic;
				DEVELOPMENT_TEAM = 4746GMAZVK;
				INFOPLIST_FILE = ParstagramUITests/Info.plist;
				LD_RUNPATH_SEARCH_PATHS = (
					"$(inherited)",
					"@executable_path/Frameworks",
					"@loader_path/Frameworks",
				);
				PRODUCT_BUNDLE_IDENTIFIER = com.menukaghalan.ParstagramUITests;
				PRODUCT_NAME = "$(TARGET_NAME)";
				SWIFT_VERSION = 5.0;
				TARGETED_DEVICE_FAMILY = "1,2";
				TEST_TARGET_NAME = Parstagram;
			};
			name = Debug;
		};
		F599B83B271CD2E200DC3DE0 /* Release */ = {
			isa = XCBuildConfiguration;
			baseConfigurationReference = 966CCD5AA9419B5BA3D2E7A7 /* Pods-Parstagram-ParstagramUITests.release.xcconfig */;
			buildSettings = {
				ALWAYS_EMBED_SWIFT_STANDARD_LIBRARIES = YES;
				CODE_SIGN_STYLE = Automatic;
				DEVELOPMENT_TEAM = 4746GMAZVK;
				INFOPLIST_FILE = ParstagramUITests/Info.plist;
				LD_RUNPATH_SEARCH_PATHS = (
					"$(inherited)",
					"@executable_path/Frameworks",
					"@loader_path/Frameworks",
				);
				PRODUCT_BUNDLE_IDENTIFIER = com.menukaghalan.ParstagramUITests;
				PRODUCT_NAME = "$(TARGET_NAME)";
				SWIFT_VERSION = 5.0;
				TARGETED_DEVICE_FAMILY = "1,2";
				TEST_TARGET_NAME = Parstagram;
			};
			name = Release;
		};
/* End XCBuildConfiguration section */

/* Begin XCConfigurationList section */
		F599B804271CD2E000DC3DE0 /* Build configuration list for PBXProject "Parstagram" */ = {
			isa = XCConfigurationList;
			buildConfigurations = (
				F599B831271CD2E200DC3DE0 /* Debug */,
				F599B832271CD2E200DC3DE0 /* Release */,
			);
			defaultConfigurationIsVisible = 0;
			defaultConfigurationName = Release;
		};
		F599B833271CD2E200DC3DE0 /* Build configuration list for PBXNativeTarget "Parstagram" */ = {
			isa = XCConfigurationList;
			buildConfigurations = (
				F599B834271CD2E200DC3DE0 /* Debug */,
				F599B835271CD2E200DC3DE0 /* Release */,
			);
			defaultConfigurationIsVisible = 0;
			defaultConfigurationName = Release;
		};
		F599B836271CD2E200DC3DE0 /* Build configuration list for PBXNativeTarget "ParstagramTests" */ = {
			isa = XCConfigurationList;
			buildConfigurations = (
				F599B837271CD2E200DC3DE0 /* Debug */,
				F599B838271CD2E200DC3DE0 /* Release */,
			);
			defaultConfigurationIsVisible = 0;
			defaultConfigurationName = Release;
		};
		F599B839271CD2E200DC3DE0 /* Build configuration list for PBXNativeTarget "ParstagramUITests" */ = {
			isa = XCConfigurationList;
			buildConfigurations = (
				F599B83A271CD2E200DC3DE0 /* Debug */,
				F599B83B271CD2E200DC3DE0 /* Release */,
			);
			defaultConfigurationIsVisible = 0;
			defaultConfigurationName = Release;
		};
/* End XCConfigurationList section */
	};
	rootObject = F599B801271CD2E000DC3DE0 /* Project object */;
}
